// !$*UTF8*$!
{
	archiveVersion = 1;
	classes = {
	};
	objectVersion = 46;
	objects = {

/* Begin PBXBuildFile section */
		9BB7626A1D85F91200D4A004 /* AppDelegate.swift in Sources */ = {isa = PBXBuildFile; fileRef = 9BB762691D85F91200D4A004 /* AppDelegate.swift */; };
		9BB7626C1D85F91200D4A004 /* SummaryViewController.swift in Sources */ = {isa = PBXBuildFile; fileRef = 9BB7626B1D85F91200D4A004 /* SummaryViewController.swift */; };
		9BB7626F1D85F91200D4A004 /* Main.storyboard in Resources */ = {isa = PBXBuildFile; fileRef = 9BB7626D1D85F91200D4A004 /* Main.storyboard */; };
		9BB762721D85F91200D4A004 /* Habits.xcdatamodeld in Sources */ = {isa = PBXBuildFile; fileRef = 9BB762701D85F91200D4A004 /* Habits.xcdatamodeld */; };
		9BB762741D85F91200D4A004 /* Assets.xcassets in Resources */ = {isa = PBXBuildFile; fileRef = 9BB762731D85F91200D4A004 /* Assets.xcassets */; };
		9BB762771D85F91200D4A004 /* LaunchScreen.storyboard in Resources */ = {isa = PBXBuildFile; fileRef = 9BB762751D85F91200D4A004 /* LaunchScreen.storyboard */; };
/* End PBXBuildFile section */

/* Begin PBXFileReference section */
		9BB762661D85F91200D4A004 /* Habits.app */ = {isa = PBXFileReference; explicitFileType = wrapper.application; includeInIndex = 0; path = Habits.app; sourceTree = BUILT_PRODUCTS_DIR; };
		9BB762691D85F91200D4A004 /* AppDelegate.swift */ = {isa = PBXFileReference; lastKnownFileType = sourcecode.swift; path = AppDelegate.swift; sourceTree = "<group>"; };
		9BB7626B1D85F91200D4A004 /* SummaryViewController.swift */ = {isa = PBXFileReference; lastKnownFileType = sourcecode.swift; path = SummaryViewController.swift; sourceTree = "<group>"; };
		9BB7626E1D85F91200D4A004 /* Base */ = {isa = PBXFileReference; lastKnownFileType = file.storyboard; name = Base; path = Base.lproj/Main.storyboard; sourceTree = "<group>"; };
		9BB762711D85F91200D4A004 /* Habits.xcdatamodel */ = {isa = PBXFileReference; lastKnownFileType = wrapper.xcdatamodel; path = Habits.xcdatamodel; sourceTree = "<group>"; };
		9BB762731D85F91200D4A004 /* Assets.xcassets */ = {isa = PBXFileReference; lastKnownFileType = folder.assetcatalog; path = Assets.xcassets; sourceTree = "<group>"; };
		9BB762761D85F91200D4A004 /* Base */ = {isa = PBXFileReference; lastKnownFileType = file.storyboard; name = Base; path = Base.lproj/LaunchScreen.storyboard; sourceTree = "<group>"; };
		9BB762781D85F91200D4A004 /* Info.plist */ = {isa = PBXFileReference; lastKnownFileType = text.plist.xml; path = Info.plist; sourceTree = "<group>"; };
/* End PBXFileReference section */

/* Begin PBXFrameworksBuildPhase section */
		9BB762631D85F91200D4A004 /* Frameworks */ = {
			isa = PBXFrameworksBuildPhase;
			buildActionMask = 2147483647;
			files = (
			);
			runOnlyForDeploymentPostprocessing = 0;
		};
/* End PBXFrameworksBuildPhase section */

/* Begin PBXGroup section */
		9BB7625D1D85F91200D4A004 = {
			isa = PBXGroup;
			children = (
				9BB762681D85F91200D4A004 /* Habits */,
				9BB762671D85F91200D4A004 /* Products */,
			);
			sourceTree = "<group>";
		};
		9BB762671D85F91200D4A004 /* Products */ = {
			isa = PBXGroup;
			children = (
				9BB762661D85F91200D4A004 /* Habits.app */,
			);
			name = Products;
			sourceTree = "<group>";
		};
		9BB762681D85F91200D4A004 /* Habits */ = {
			isa = PBXGroup;
			children = (
				9BB762801D85F9ED00D4A004 /* Model */,
				9BB7627F1D85F9E700D4A004 /* View */,
				9BB7627E1D85F9E300D4A004 /* Controller */,
				9BB762691D85F91200D4A004 /* AppDelegate.swift */,
				9BB762731D85F91200D4A004 /* Assets.xcassets */,
				9BB762781D85F91200D4A004 /* Info.plist */,
				9BB762701D85F91200D4A004 /* Habits.xcdatamodeld */,
				9BB762751D85F91200D4A004 /* LaunchScreen.storyboard */,
				9BB7626D1D85F91200D4A004 /* Main.storyboard */,
			);
			path = Habits;
			sourceTree = "<group>";
		};
		9BB7627E1D85F9E300D4A004 /* Controller */ = {
			isa = PBXGroup;
			children = (
				9BB7626B1D85F91200D4A004 /* SummaryViewController.swift */,
			);
			name = Controller;
			sourceTree = "<group>";
		};
		9BB7627F1D85F9E700D4A004 /* View */ = {
			isa = PBXGroup;
			children = (
			);
			name = View;
			sourceTree = "<group>";
		};
		9BB762801D85F9ED00D4A004 /* Model */ = {
			isa = PBXGroup;
			children = (
			);
			name = Model;
			sourceTree = "<group>";
		};
/* End PBXGroup section */

/* Begin PBXNativeTarget section */
		9BB762651D85F91200D4A004 /* Habits */ = {
			isa = PBXNativeTarget;
			buildConfigurationList = 9BB7627B1D85F91200D4A004 /* Build configuration list for PBXNativeTarget "Habits" */;
			buildPhases = (
				9BB762621D85F91200D4A004 /* Sources */,
				9BB762631D85F91200D4A004 /* Frameworks */,
				9BB762641D85F91200D4A004 /* Resources */,
			);
			buildRules = (
			);
			dependencies = (
			);
			name = Habits;
			productName = Habits;
			productReference = 9BB762661D85F91200D4A004 /* Habits.app */;
			productType = "com.apple.product-type.application";
		};
/* End PBXNativeTarget section */

/* Begin PBXProject section */
		9BB7625E1D85F91200D4A004 /* Project object */ = {
			isa = PBXProject;
			attributes = {
				LastSwiftUpdateCheck = 0800;
				LastUpgradeCheck = 0800;
				ORGANIZATIONNAME = "James Brown";
				TargetAttributes = {
					9BB762651D85F91200D4A004 = {
						CreatedOnToolsVersion = 8.0;
						DevelopmentTeam = W4747LY73N;
						ProvisioningStyle = Automatic;
					};
				};
			};
			buildConfigurationList = 9BB762611D85F91200D4A004 /* Build configuration list for PBXProject "Habits" */;
			compatibilityVersion = "Xcode 3.2";
			developmentRegion = English;
			hasScannedForEncodings = 0;
			knownRegions = (
				en,
				Base,
			);
			mainGroup = 9BB7625D1D85F91200D4A004;
			productRefGroup = 9BB762671D85F91200D4A004 /* Products */;
			projectDirPath = "";
			projectRoot = "";
			targets = (
				9BB762651D85F91200D4A004 /* Habits */,
			);
		};
/* End PBXProject section */

/* Begin PBXResourcesBuildPhase section */
		9BB762641D85F91200D4A004 /* Resources */ = {
			isa = PBXResourcesBuildPhase;
			buildActionMask = 2147483647;
			files = (
				9BB762771D85F91200D4A004 /* LaunchScreen.storyboard in Resources */,
				9BB762741D85F91200D4A004 /* Assets.xcassets in Resources */,
				9BB7626F1D85F91200D4A004 /* Main.storyboard in Resources */,
			);
			runOnlyForDeploymentPostprocessing = 0;
		};
/* End PBXResourcesBuildPhase section */

/* Begin PBXSourcesBuildPhase section */
		9BB762621D85F91200D4A004 /* Sources */ = {
			isa = PBXSourcesBuildPhase;
			buildActionMask = 2147483647;
			files = (
				9BB7626C1D85F91200D4A004 /* SummaryViewController.swift in Sources */,
				9BB7626A1D85F91200D4A004 /* AppDelegate.swift in Sources */,
				9BB762721D85F91200D4A004 /* Habits.xcdatamodeld in Sources */,
			);
			runOnlyForDeploymentPostprocessing = 0;
		};
/* End PBXSourcesBuildPhase section */

/* Begin PBXVariantGroup section */
		9BB7626D1D85F91200D4A004 /* Main.storyboard */ = {
			isa = PBXVariantGroup;
			children = (
				9BB7626E1D85F91200D4A004 /* Base */,
			);
			name = Main.storyboard;
			sourceTree = "<group>";
		};
		9BB762751D85F91200D4A004 /* LaunchScreen.storyboard */ = {
			isa = PBXVariantGroup;
			children = (
				9BB762761D85F91200D4A004 /* Base */,
			);
			name = LaunchScreen.storyboard;
			sourceTree = "<group>";
		};
/* End PBXVariantGroup section */

/* Begin XCBuildConfiguration section */
		9BB762791D85F91200D4A004 /* Debug */ = {
			isa = XCBuildConfiguration;
			buildSettings = {
				ALWAYS_SEARCH_USER_PATHS = NO;
				CLANG_ANALYZER_NONNULL = YES;
				CLANG_CXX_LANGUAGE_STANDARD = "gnu++0x";
				CLANG_CXX_LIBRARY = "libc++";
				CLANG_ENABLE_MODULES = YES;
				CLANG_ENABLE_OBJC_ARC = YES;
				CLANG_WARN_BOOL_CONVERSION = YES;
				CLANG_WARN_CONSTANT_CONVERSION = YES;
				CLANG_WARN_DIRECT_OBJC_ISA_USAGE = YES_ERROR;
				CLANG_WARN_DOCUMENTATION_COMMENTS = YES;
				CLANG_WARN_EMPTY_BODY = YES;
				CLANG_WARN_ENUM_CONVERSION = YES;
				CLANG_WARN_INFINITE_RECURSION = YES;
				CLANG_WARN_INT_CONVERSION = YES;
				CLANG_WARN_OBJC_ROOT_CLASS = YES_ERROR;
				CLANG_WARN_SUSPICIOUS_MOVES = YES;
				CLANG_WARN_UNREACHABLE_CODE = YES;
				CLANG_WARN__DUPLICATE_METHOD_MATCH = YES;
				"CODE_SIGN_IDENTITY[sdk=iphoneos*]" = "iPhone Developer";
				COPY_PHASE_STRIP = NO;
				DEBUG_INFORMATION_FORMAT = dwarf;
				ENABLE_STRICT_OBJC_MSGSEND = YES;
				ENABLE_TESTABILITY = YES;
				GCC_C_LANGUAGE_STANDARD = gnu99;
				GCC_DYNAMIC_NO_PIC = NO;
				GCC_NO_COMMON_BLOCKS = YES;
				GCC_OPTIMIZATION_LEVEL = 0;
				GCC_PREPROCESSOR_DEFINITIONS = (
					"DEBUG=1",
					"$(inherited)",
				);
				GCC_WARN_64_TO_32_BIT_CONVERSION = YES;
				GCC_WARN_ABOUT_RETURN_TYPE = YES_ERROR;
				GCC_WARN_UNDECLARED_SELECTOR = YES;
				GCC_WARN_UNINITIALIZED_AUTOS = YES_AGGRESSIVE;
				GCC_WARN_UNUSED_FUNCTION = YES;
				GCC_WARN_UNUSED_VARIABLE = YES;
				IPHONEOS_DEPLOYMENT_TARGET = 10.0;
				MTL_ENABLE_DEBUG_INFO = YES;
				ONLY_ACTIVE_ARCH = YES;
				SDKROOT = iphoneos;
				SWIFT_ACTIVE_COMPILATION_CONDITIONS = DEBUG;
				SWIFT_OPTIMIZATION_LEVEL = "-Onone";
				TARGETED_DEVICE_FAMILY = "1,2";
			};
			name = Debug;
		};
		9BB7627A1D85F91200D4A004 /* Release */ = {
			isa = XCBuildConfiguration;
			buildSettings = {
				ALWAYS_SEARCH_USER_PATHS = NO;
				CLANG_ANALYZER_NONNULL = YES;
				CLANG_CXX_LANGUAGE_STANDARD = "gnu++0x";
				CLANG_CXX_LIBRARY = "libc++";
				CLANG_ENABLE_MODULES = YES;
				CLANG_ENABLE_OBJC_ARC = YES;
				CLANG_WARN_BOOL_CONVERSION = YES;
				CLANG_WARN_CONSTANT_CONVERSION = YES;
				CLANG_WARN_DIRECT_OBJC_ISA_USAGE = YES_ERROR;
				CLANG_WARN_DOCUMENTATION_COMMENTS = YES;
				CLANG_WARN_EMPTY_BODY = YES;
				CLANG_WARN_ENUM_CONVERSION = YES;
				CLANG_WARN_INFINITE_RECURSION = YES;
				CLANG_WARN_INT_CONVERSION = YES;
				CLANG_WARN_OBJC_ROOT_CLASS = YES_ERROR;
				CLANG_WARN_SUSPICIOUS_MOVES = YES;
				CLANG_WARN_UNREACHABLE_CODE = YES;
				CLANG_WARN__DUPLICATE_METHOD_MATCH = YES;
				"CODE_SIGN_IDENTITY[sdk=iphoneos*]" = "iPhone Developer";
				COPY_PHASE_STRIP = NO;
				DEBUG_INFORMATION_FORMAT = "dwarf-with-dsym";
				ENABLE_NS_ASSERTIONS = NO;
				ENABLE_STRICT_OBJC_MSGSEND = YES;
				GCC_C_LANGUAGE_STANDARD = gnu99;
				GCC_NO_COMMON_BLOCKS = YES;
				GCC_WARN_64_TO_32_BIT_CONVERSION = YES;
				GCC_WARN_ABOUT_RETURN_TYPE = YES_ERROR;
				GCC_WARN_UNDECLARED_SELECTOR = YES;
				GCC_WARN_UNINITIALIZED_AUTOS = YES_AGGRESSIVE;
				GCC_WARN_UNUSED_FUNCTION = YES;
				GCC_WARN_UNUSED_VARIABLE = YES;
				IPHONEOS_DEPLOYMENT_TARGET = 10.0;
				MTL_ENABLE_DEBUG_INFO = NO;
				SDKROOT = iphoneos;
				SWIFT_OPTIMIZATION_LEVEL = "-Owholemodule";
				TARGETED_DEVICE_FAMILY = "1,2";
				VALIDATE_PRODUCT = YES;
			};
			name = Release;
		};
		9BB7627C1D85F91200D4A004 /* Debug */ = {
			isa = XCBuildConfiguration;
			buildSettings = {
				ASSETCATALOG_COMPILER_APPICON_NAME = AppIcon;
				DEVELOPMENT_TEAM = W4747LY73N;
				INFOPLIST_FILE = Habits/Info.plist;
				LD_RUNPATH_SEARCH_PATHS = "$(inherited) @executable_path/Frameworks";
				PRODUCT_BUNDLE_IDENTIFIER = com.example.Habits;
				PRODUCT_NAME = "$(TARGET_NAME)";
				SWIFT_VERSION = 3.0;
			};
			name = Debug;
		};
		9BB7627D1D85F91200D4A004 /* Release */ = {
			isa = XCBuildConfiguration;
			buildSettings = {
				ASSETCATALOG_COMPILER_APPICON_NAME = AppIcon;
				DEVELOPMENT_TEAM = W4747LY73N;
				INFOPLIST_FILE = Habits/Info.plist;
				LD_RUNPATH_SEARCH_PATHS = "$(inherited) @executable_path/Frameworks";
				PRODUCT_BUNDLE_IDENTIFIER = com.example.Habits;
				PRODUCT_NAME = "$(TARGET_NAME)";
				SWIFT_VERSION = 3.0;
			};
			name = Release;
		};
/* End XCBuildConfiguration section */

/* Begin XCConfigurationList section */
		9BB762611D85F91200D4A004 /* Build configuration list for PBXProject "Habits" */ = {
			isa = XCConfigurationList;
			buildConfigurations = (
				9BB762791D85F91200D4A004 /* Debug */,
				9BB7627A1D85F91200D4A004 /* Release */,
			);
			defaultConfigurationIsVisible = 0;
			defaultConfigurationName = Release;
		};
		9BB7627B1D85F91200D4A004 /* Build configuration list for PBXNativeTarget "Habits" */ = {
			isa = XCConfigurationList;
			buildConfigurations = (
				9BB7627C1D85F91200D4A004 /* Debug */,
				9BB7627D1D85F91200D4A004 /* Release */,
			);
			defaultConfigurationIsVisible = 0;
		};
/* End XCConfigurationList section */

/* Begin XCVersionGroup section */
		9BB762701D85F91200D4A004 /* Habits.xcdatamodeld */ = {
			isa = XCVersionGroup;
			children = (
				9BB762711D85F91200D4A004 /* Habits.xcdatamodel */,
			);
			currentVersion = 9BB762711D85F91200D4A004 /* Habits.xcdatamodel */;
			path = Habits.xcdatamodeld;
			sourceTree = "<group>";
			versionGroupType = wrapper.xcdatamodel;
		};
/* End XCVersionGroup section */
	};
	rootObject = 9BB7625E1D85F91200D4A004 /* Project object */;
}
